// !$*UTF8*$!
{
	archiveVersion = 1;
	classes = {
	};
	objectVersion = 48;
	objects = {

/* Begin PBXBuildFile section */
		338444E42072B8A300043402 /* AppDelegate.swift in Sources */ = {isa = PBXBuildFile; fileRef = 338444E32072B8A300043402 /* AppDelegate.swift */; };
		338444E62072B8A300043402 /* ViewController.swift in Sources */ = {isa = PBXBuildFile; fileRef = 338444E52072B8A300043402 /* ViewController.swift */; };
		338444E92072B8A300043402 /* Main.storyboard in Resources */ = {isa = PBXBuildFile; fileRef = 338444E72072B8A300043402 /* Main.storyboard */; };
		338444EB2072B8A300043402 /* Assets.xcassets in Resources */ = {isa = PBXBuildFile; fileRef = 338444EA2072B8A300043402 /* Assets.xcassets */; };
		338444EE2072B8A300043402 /* LaunchScreen.storyboard in Resources */ = {isa = PBXBuildFile; fileRef = 338444EC2072B8A300043402 /* LaunchScreen.storyboard */; };
		338444F82072C00100043402 /* MapViewController.swift in Sources */ = {isa = PBXBuildFile; fileRef = 338444F72072C00100043402 /* MapViewController.swift */; };
		338444FA2072C8CD00043402 /* FeedViewController.swift in Sources */ = {isa = PBXBuildFile; fileRef = 338444F92072C8CD00043402 /* FeedViewController.swift */; };
		338445002072C97800043402 /* FeedCell.swift in Sources */ = {isa = PBXBuildFile; fileRef = 338444FF2072C97800043402 /* FeedCell.swift */; };
		338445022072CA2D00043402 /* Placement.swift in Sources */ = {isa = PBXBuildFile; fileRef = 338445012072CA2D00043402 /* Placement.swift */; };
		33B35CCF2072D32400A848CC /* HTTPRequestManager.swift in Sources */ = {isa = PBXBuildFile; fileRef = 33B35CCE2072D32400A848CC /* HTTPRequestManager.swift */; };
		33B35CD12072D33100A848CC /* ServerManager.swift in Sources */ = {isa = PBXBuildFile; fileRef = 33B35CD02072D33100A848CC /* ServerManager.swift */; };
		33B35CD32072D42300A848CC /* HTTPStatusCode.swift in Sources */ = {isa = PBXBuildFile; fileRef = 33B35CD22072D42300A848CC /* HTTPStatusCode.swift */; };
		33B35CD62072D6D100A848CC /* Constants.swift in Sources */ = {isa = PBXBuildFile; fileRef = 33B35CD52072D6D100A848CC /* Constants.swift */; };
		805F2DBF6B28C69112D1F759 /* Pods_Poputka.framework in Frameworks */ = {isa = PBXBuildFile; fileRef = 9F002689FE410D0339BA51A0 /* Pods_Poputka.framework */; };
/* End PBXBuildFile section */

/* Begin PBXFileReference section */
		1DB17C44EF66439FFF821C39 /* Pods-Poputka.release.xcconfig */ = {isa = PBXFileReference; includeInIndex = 1; lastKnownFileType = text.xcconfig; name = "Pods-Poputka.release.xcconfig"; path = "Pods/Target Support Files/Pods-Poputka/Pods-Poputka.release.xcconfig"; sourceTree = "<group>"; };
		338444E02072B8A300043402 /* Poputka.app */ = {isa = PBXFileReference; explicitFileType = wrapper.application; includeInIndex = 0; path = Poputka.app; sourceTree = BUILT_PRODUCTS_DIR; };
		338444E32072B8A300043402 /* AppDelegate.swift */ = {isa = PBXFileReference; lastKnownFileType = sourcecode.swift; path = AppDelegate.swift; sourceTree = "<group>"; };
		338444E52072B8A300043402 /* ViewController.swift */ = {isa = PBXFileReference; lastKnownFileType = sourcecode.swift; path = ViewController.swift; sourceTree = "<group>"; };
		338444E82072B8A300043402 /* Base */ = {isa = PBXFileReference; lastKnownFileType = file.storyboard; name = Base; path = Base.lproj/Main.storyboard; sourceTree = "<group>"; };
		338444EA2072B8A300043402 /* Assets.xcassets */ = {isa = PBXFileReference; lastKnownFileType = folder.assetcatalog; path = Assets.xcassets; sourceTree = "<group>"; };
		338444ED2072B8A300043402 /* Base */ = {isa = PBXFileReference; lastKnownFileType = file.storyboard; name = Base; path = Base.lproj/LaunchScreen.storyboard; sourceTree = "<group>"; };
		338444EF2072B8A300043402 /* Info.plist */ = {isa = PBXFileReference; lastKnownFileType = text.plist.xml; path = Info.plist; sourceTree = "<group>"; };
		338444F72072C00100043402 /* MapViewController.swift */ = {isa = PBXFileReference; lastKnownFileType = sourcecode.swift; path = MapViewController.swift; sourceTree = "<group>"; };
		338444F92072C8CD00043402 /* FeedViewController.swift */ = {isa = PBXFileReference; lastKnownFileType = sourcecode.swift; path = FeedViewController.swift; sourceTree = "<group>"; };
		338444FF2072C97800043402 /* FeedCell.swift */ = {isa = PBXFileReference; lastKnownFileType = sourcecode.swift; path = FeedCell.swift; sourceTree = "<group>"; };
		338445012072CA2D00043402 /* Placement.swift */ = {isa = PBXFileReference; lastKnownFileType = sourcecode.swift; path = Placement.swift; sourceTree = "<group>"; };
		33B35CCE2072D32400A848CC /* HTTPRequestManager.swift */ = {isa = PBXFileReference; lastKnownFileType = sourcecode.swift; path = HTTPRequestManager.swift; sourceTree = "<group>"; };
		33B35CD02072D33100A848CC /* ServerManager.swift */ = {isa = PBXFileReference; lastKnownFileType = sourcecode.swift; path = ServerManager.swift; sourceTree = "<group>"; };
		33B35CD22072D42300A848CC /* HTTPStatusCode.swift */ = {isa = PBXFileReference; lastKnownFileType = sourcecode.swift; path = HTTPStatusCode.swift; sourceTree = "<group>"; };
		33B35CD52072D6D100A848CC /* Constants.swift */ = {isa = PBXFileReference; lastKnownFileType = sourcecode.swift; path = Constants.swift; sourceTree = "<group>"; };
		7A075EF07B0E2692C71BA613 /* Pods-Poputka.debug.xcconfig */ = {isa = PBXFileReference; includeInIndex = 1; lastKnownFileType = text.xcconfig; name = "Pods-Poputka.debug.xcconfig"; path = "Pods/Target Support Files/Pods-Poputka/Pods-Poputka.debug.xcconfig"; sourceTree = "<group>"; };
		9F002689FE410D0339BA51A0 /* Pods_Poputka.framework */ = {isa = PBXFileReference; explicitFileType = wrapper.framework; includeInIndex = 0; path = Pods_Poputka.framework; sourceTree = BUILT_PRODUCTS_DIR; };
/* End PBXFileReference section */

/* Begin PBXFrameworksBuildPhase section */
		338444DD2072B8A300043402 /* Frameworks */ = {
			isa = PBXFrameworksBuildPhase;
			buildActionMask = 2147483647;
			files = (
				805F2DBF6B28C69112D1F759 /* Pods_Poputka.framework in Frameworks */,
			);
			runOnlyForDeploymentPostprocessing = 0;
		};
/* End PBXFrameworksBuildPhase section */

/* Begin PBXGroup section */
		338444D72072B8A300043402 = {
			isa = PBXGroup;
			children = (
				338444E22072B8A300043402 /* Poputka */,
				338444E12072B8A300043402 /* Products */,
				5BB4B98C267BCE000D973955 /* Pods */,
				FA03003B1769DB2A370E7657 /* Frameworks */,
			);
			sourceTree = "<group>";
		};
		338444E12072B8A300043402 /* Products */ = {
			isa = PBXGroup;
			children = (
				338444E02072B8A300043402 /* Poputka.app */,
			);
			name = Products;
			sourceTree = "<group>";
		};
		338444E22072B8A300043402 /* Poputka */ = {
			isa = PBXGroup;
			children = (
				33B35CD42072D6BB00A848CC /* Helpers */,
				33B35CCD2072D2EB00A848CC /* Network */,
				338444FB2072C93C00043402 /* Views */,
				338444F62072B8EA00043402 /* Models */,
				338444F52072B8E000043402 /* Controllers */,
				338444E32072B8A300043402 /* AppDelegate.swift */,
				338444E52072B8A300043402 /* ViewController.swift */,
				338444E72072B8A300043402 /* Main.storyboard */,
				338444EA2072B8A300043402 /* Assets.xcassets */,
				338444EC2072B8A300043402 /* LaunchScreen.storyboard */,
				338444EF2072B8A300043402 /* Info.plist */,
			);
			path = Poputka;
			sourceTree = "<group>";
		};
		338444F52072B8E000043402 /* Controllers */ = {
			isa = PBXGroup;
			children = (
				338444F72072C00100043402 /* MapViewController.swift */,
				338444F92072C8CD00043402 /* FeedViewController.swift */,
			);
			path = Controllers;
			sourceTree = "<group>";
		};
		338444F62072B8EA00043402 /* Models */ = {
			isa = PBXGroup;
			children = (
				338445012072CA2D00043402 /* Placement.swift */,
			);
			path = Models;
			sourceTree = "<group>";
		};
		338444FB2072C93C00043402 /* Views */ = {
			isa = PBXGroup;
			children = (
				338444FF2072C97800043402 /* FeedCell.swift */,
			);
			path = Views;
			sourceTree = "<group>";
		};
		33B35CCD2072D2EB00A848CC /* Network */ = {
			isa = PBXGroup;
			children = (
				33B35CCE2072D32400A848CC /* HTTPRequestManager.swift */,
				33B35CD02072D33100A848CC /* ServerManager.swift */,
				33B35CD22072D42300A848CC /* HTTPStatusCode.swift */,
			);
			path = Network;
			sourceTree = "<group>";
		};
		33B35CD42072D6BB00A848CC /* Helpers */ = {
			isa = PBXGroup;
			children = (
				33B35CD52072D6D100A848CC /* Constants.swift */,
			);
			path = Helpers;
			sourceTree = "<group>";
		};
		5BB4B98C267BCE000D973955 /* Pods */ = {
			isa = PBXGroup;
			children = (
				7A075EF07B0E2692C71BA613 /* Pods-Poputka.debug.xcconfig */,
				1DB17C44EF66439FFF821C39 /* Pods-Poputka.release.xcconfig */,
			);
			name = Pods;
			sourceTree = "<group>";
		};
		FA03003B1769DB2A370E7657 /* Frameworks */ = {
			isa = PBXGroup;
			children = (
				9F002689FE410D0339BA51A0 /* Pods_Poputka.framework */,
			);
			name = Frameworks;
			sourceTree = "<group>";
		};
/* End PBXGroup section */

/* Begin PBXNativeTarget section */
		338444DF2072B8A300043402 /* Poputka */ = {
			isa = PBXNativeTarget;
			buildConfigurationList = 338444F22072B8A300043402 /* Build configuration list for PBXNativeTarget "Poputka" */;
			buildPhases = (
				5FE7E89911995CB893DAC8A1 /* [CP] Check Pods Manifest.lock */,
				338444DC2072B8A300043402 /* Sources */,
				338444DD2072B8A300043402 /* Frameworks */,
				338444DE2072B8A300043402 /* Resources */,
				56205CEDE4ED9EF608816B41 /* [CP] Embed Pods Frameworks */,
				F320B16F945327A83DEDB9D0 /* [CP] Copy Pods Resources */,
			);
			buildRules = (
			);
			dependencies = (
			);
			name = Poputka;
			productName = Poputka;
			productReference = 338444E02072B8A300043402 /* Poputka.app */;
			productType = "com.apple.product-type.application";
		};
/* End PBXNativeTarget section */

/* Begin PBXProject section */
		338444D82072B8A300043402 /* Project object */ = {
			isa = PBXProject;
			attributes = {
				LastSwiftUpdateCheck = 0920;
				LastUpgradeCheck = 0920;
				ORGANIZATIONNAME = Neobis;
				TargetAttributes = {
					338444DF2072B8A300043402 = {
						CreatedOnToolsVersion = 9.2;
						ProvisioningStyle = Automatic;
					};
				};
			};
			buildConfigurationList = 338444DB2072B8A300043402 /* Build configuration list for PBXProject "Poputka" */;
			compatibilityVersion = "Xcode 8.0";
			developmentRegion = en;
			hasScannedForEncodings = 0;
			knownRegions = (
				en,
				Base,
			);
			mainGroup = 338444D72072B8A300043402;
			productRefGroup = 338444E12072B8A300043402 /* Products */;
			projectDirPath = "";
			projectRoot = "";
			targets = (
				338444DF2072B8A300043402 /* Poputka */,
			);
		};
/* End PBXProject section */

/* Begin PBXResourcesBuildPhase section */
		338444DE2072B8A300043402 /* Resources */ = {
			isa = PBXResourcesBuildPhase;
			buildActionMask = 2147483647;
			files = (
				338444EE2072B8A300043402 /* LaunchScreen.storyboard in Resources */,
				338444EB2072B8A300043402 /* Assets.xcassets in Resources */,
				338444E92072B8A300043402 /* Main.storyboard in Resources */,
			);
			runOnlyForDeploymentPostprocessing = 0;
		};
/* End PBXResourcesBuildPhase section */

/* Begin PBXShellScriptBuildPhase section */
		56205CEDE4ED9EF608816B41 /* [CP] Embed Pods Frameworks */ = {
			isa = PBXShellScriptBuildPhase;
			buildActionMask = 2147483647;
			files = (
			);
			inputPaths = (
				"${SRCROOT}/Pods/Target Support Files/Pods-Poputka/Pods-Poputka-frameworks.sh",
				"${BUILT_PRODUCTS_DIR}/Alamofire/Alamofire.framework",
			);
			name = "[CP] Embed Pods Frameworks";
			outputPaths = (
				"${TARGET_BUILD_DIR}/${FRAMEWORKS_FOLDER_PATH}/Alamofire.framework",
			);
			runOnlyForDeploymentPostprocessing = 0;
			shellPath = /bin/sh;
			shellScript = "\"${SRCROOT}/Pods/Target Support Files/Pods-Poputka/Pods-Poputka-frameworks.sh\"\n";
			showEnvVarsInLog = 0;
		};
		5FE7E89911995CB893DAC8A1 /* [CP] Check Pods Manifest.lock */ = {
			isa = PBXShellScriptBuildPhase;
			buildActionMask = 2147483647;
			files = (
			);
			inputPaths = (
				"${PODS_PODFILE_DIR_PATH}/Podfile.lock",
				"${PODS_ROOT}/Manifest.lock",
			);
			name = "[CP] Check Pods Manifest.lock";
			outputPaths = (
				"$(DERIVED_FILE_DIR)/Pods-Poputka-checkManifestLockResult.txt",
			);
			runOnlyForDeploymentPostprocessing = 0;
			shellPath = /bin/sh;
			shellScript = "diff \"${PODS_PODFILE_DIR_PATH}/Podfile.lock\" \"${PODS_ROOT}/Manifest.lock\" > /dev/null\nif [ $? != 0 ] ; then\n    # print error to STDERR\n    echo \"error: The sandbox is not in sync with the Podfile.lock. Run 'pod install' or update your CocoaPods installation.\" >&2\n    exit 1\nfi\n# This output is used by Xcode 'outputs' to avoid re-running this script phase.\necho \"SUCCESS\" > \"${SCRIPT_OUTPUT_FILE_0}\"\n";
			showEnvVarsInLog = 0;
		};
		F320B16F945327A83DEDB9D0 /* [CP] Copy Pods Resources */ = {
			isa = PBXShellScriptBuildPhase;
			buildActionMask = 2147483647;
			files = (
			);
			inputPaths = (
			);
			name = "[CP] Copy Pods Resources";
			outputPaths = (
			);
			runOnlyForDeploymentPostprocessing = 0;
			shellPath = /bin/sh;
			shellScript = "\"${SRCROOT}/Pods/Target Support Files/Pods-Poputka/Pods-Poputka-resources.sh\"\n";
			showEnvVarsInLog = 0;
		};
/* End PBXShellScriptBuildPhase section */

/* Begin PBXSourcesBuildPhase section */
		338444DC2072B8A300043402 /* Sources */ = {
			isa = PBXSourcesBuildPhase;
			buildActionMask = 2147483647;
			files = (
				33B35CD12072D33100A848CC /* ServerManager.swift in Sources */,
				338444E62072B8A300043402 /* ViewController.swift in Sources */,
				338445002072C97800043402 /* FeedCell.swift in Sources */,
				338444F82072C00100043402 /* MapViewController.swift in Sources */,
				338445022072CA2D00043402 /* Placement.swift in Sources */,
				33B35CD62072D6D100A848CC /* Constants.swift in Sources */,
				338444FA2072C8CD00043402 /* FeedViewController.swift in Sources */,
				33B35CD32072D42300A848CC /* HTTPStatusCode.swift in Sources */,
				33B35CCF2072D32400A848CC /* HTTPRequestManager.swift in Sources */,
				338444E42072B8A300043402 /* AppDelegate.swift in Sources */,
			);
			runOnlyForDeploymentPostprocessing = 0;
		};
/* End PBXSourcesBuildPhase section */

/* Begin PBXVariantGroup section */
		338444E72072B8A300043402 /* Main.storyboard */ = {
			isa = PBXVariantGroup;
			children = (
				338444E82072B8A300043402 /* Base */,
			);
			name = Main.storyboard;
			sourceTree = "<group>";
		};
		338444EC2072B8A300043402 /* LaunchScreen.storyboard */ = {
			isa = PBXVariantGroup;
			children = (
				338444ED2072B8A300043402 /* Base */,
			);
			name = LaunchScreen.storyboard;
			sourceTree = "<group>";
		};
/* End PBXVariantGroup section */

/* Begin XCBuildConfiguration section */
		338444F02072B8A300043402 /* Debug */ = {
			isa = XCBuildConfiguration;
			buildSettings = {
				ALWAYS_SEARCH_USER_PATHS = NO;
				CLANG_ANALYZER_NONNULL = YES;
				CLANG_ANALYZER_NUMBER_OBJECT_CONVERSION = YES_AGGRESSIVE;
				CLANG_CXX_LANGUAGE_STANDARD = "gnu++14";
				CLANG_CXX_LIBRARY = "libc++";
				CLANG_ENABLE_MODULES = YES;
				CLANG_ENABLE_OBJC_ARC = YES;
				CLANG_WARN_BLOCK_CAPTURE_AUTORELEASING = YES;
				CLANG_WARN_BOOL_CONVERSION = YES;
				CLANG_WARN_COMMA = YES;
				CLANG_WARN_CONSTANT_CONVERSION = YES;
				CLANG_WARN_DIRECT_OBJC_ISA_USAGE = YES_ERROR;
				CLANG_WARN_DOCUMENTATION_COMMENTS = YES;
				CLANG_WARN_EMPTY_BODY = YES;
				CLANG_WARN_ENUM_CONVERSION = YES;
				CLANG_WARN_INFINITE_RECURSION = YES;
				CLANG_WARN_INT_CONVERSION = YES;
				CLANG_WARN_NON_LITERAL_NULL_CONVERSION = YES;
				CLANG_WARN_OBJC_LITERAL_CONVERSION = YES;
				CLANG_WARN_OBJC_ROOT_CLASS = YES_ERROR;
				CLANG_WARN_RANGE_LOOP_ANALYSIS = YES;
				CLANG_WARN_STRICT_PROTOTYPES = YES;
				CLANG_WARN_SUSPICIOUS_MOVE = YES;
				CLANG_WARN_UNGUARDED_AVAILABILITY = YES_AGGRESSIVE;
				CLANG_WARN_UNREACHABLE_CODE = YES;
				CLANG_WARN__DUPLICATE_METHOD_MATCH = YES;
				CODE_SIGN_IDENTITY = "iPhone Developer";
				COPY_PHASE_STRIP = NO;
				DEBUG_INFORMATION_FORMAT = dwarf;
				ENABLE_STRICT_OBJC_MSGSEND = YES;
				ENABLE_TESTABILITY = YES;
				GCC_C_LANGUAGE_STANDARD = gnu11;
				GCC_DYNAMIC_NO_PIC = NO;
				GCC_NO_COMMON_BLOCKS = YES;
				GCC_OPTIMIZATION_LEVEL = 0;
				GCC_PREPROCESSOR_DEFINITIONS = (
					"DEBUG=1",
					"$(inherited)",
				);
				GCC_WARN_64_TO_32_BIT_CONVERSION = YES;
				GCC_WARN_ABOUT_RETURN_TYPE = YES_ERROR;
				GCC_WARN_UNDECLARED_SELECTOR = YES;
				GCC_WARN_UNINITIALIZED_AUTOS = YES_AGGRESSIVE;
				GCC_WARN_UNUSED_FUNCTION = YES;
				GCC_WARN_UNUSED_VARIABLE = YES;
				IPHONEOS_DEPLOYMENT_TARGET = 11.2;
				MTL_ENABLE_DEBUG_INFO = YES;
				ONLY_ACTIVE_ARCH = YES;
				SDKROOT = iphoneos;
				SWIFT_ACTIVE_COMPILATION_CONDITIONS = DEBUG;
				SWIFT_OPTIMIZATION_LEVEL = "-Onone";
			};
			name = Debug;
		};
		338444F12072B8A300043402 /* Release */ = {
			isa = XCBuildConfiguration;
			buildSettings = {
				ALWAYS_SEARCH_USER_PATHS = NO;
				CLANG_ANALYZER_NONNULL = YES;
				CLANG_ANALYZER_NUMBER_OBJECT_CONVERSION = YES_AGGRESSIVE;
				CLANG_CXX_LANGUAGE_STANDARD = "gnu++14";
				CLANG_CXX_LIBRARY = "libc++";
				CLANG_ENABLE_MODULES = YES;
				CLANG_ENABLE_OBJC_ARC = YES;
				CLANG_WARN_BLOCK_CAPTURE_AUTORELEASING = YES;
				CLANG_WARN_BOOL_CONVERSION = YES;
				CLANG_WARN_COMMA = YES;
				CLANG_WARN_CONSTANT_CONVERSION = YES;
				CLANG_WARN_DIRECT_OBJC_ISA_USAGE = YES_ERROR;
				CLANG_WARN_DOCUMENTATION_COMMENTS = YES;
				CLANG_WARN_EMPTY_BODY = YES;
				CLANG_WARN_ENUM_CONVERSION = YES;
				CLANG_WARN_INFINITE_RECURSION = YES;
				CLANG_WARN_INT_CONVERSION = YES;
				CLANG_WARN_NON_LITERAL_NULL_CONVERSION = YES;
				CLANG_WARN_OBJC_LITERAL_CONVERSION = YES;
				CLANG_WARN_OBJC_ROOT_CLASS = YES_ERROR;
				CLANG_WARN_RANGE_LOOP_ANALYSIS = YES;
				CLANG_WARN_STRICT_PROTOTYPES = YES;
				CLANG_WARN_SUSPICIOUS_MOVE = YES;
				CLANG_WARN_UNGUARDED_AVAILABILITY = YES_AGGRESSIVE;
				CLANG_WARN_UNREACHABLE_CODE = YES;
				CLANG_WARN__DUPLICATE_METHOD_MATCH = YES;
				CODE_SIGN_IDENTITY = "iPhone Developer";
				COPY_PHASE_STRIP = NO;
				DEBUG_INFORMATION_FORMAT = "dwarf-with-dsym";
				ENABLE_NS_ASSERTIONS = NO;
				ENABLE_STRICT_OBJC_MSGSEND = YES;
				GCC_C_LANGUAGE_STANDARD = gnu11;
				GCC_NO_COMMON_BLOCKS = YES;
				GCC_WARN_64_TO_32_BIT_CONVERSION = YES;
				GCC_WARN_ABOUT_RETURN_TYPE = YES_ERROR;
				GCC_WARN_UNDECLARED_SELECTOR = YES;
				GCC_WARN_UNINITIALIZED_AUTOS = YES_AGGRESSIVE;
				GCC_WARN_UNUSED_FUNCTION = YES;
				GCC_WARN_UNUSED_VARIABLE = YES;
				IPHONEOS_DEPLOYMENT_TARGET = 11.2;
				MTL_ENABLE_DEBUG_INFO = NO;
				SDKROOT = iphoneos;
				SWIFT_OPTIMIZATION_LEVEL = "-Owholemodule";
				VALIDATE_PRODUCT = YES;
			};
			name = Release;
		};
		338444F32072B8A300043402 /* Debug */ = {
			isa = XCBuildConfiguration;
			baseConfigurationReference = 7A075EF07B0E2692C71BA613 /* Pods-Poputka.debug.xcconfig */;
			buildSettings = {
				ASSETCATALOG_COMPILER_APPICON_NAME = AppIcon;
				CODE_SIGN_STYLE = Automatic;
				DEVELOPMENT_TEAM = U5DCDBG2W2;
				INFOPLIST_FILE = Poputka/Info.plist;
				LD_RUNPATH_SEARCH_PATHS = "$(inherited) @executable_path/Frameworks";
				PRODUCT_BUNDLE_IDENTIFIER = com.neobis.poputka;
				PRODUCT_NAME = "$(TARGET_NAME)";
				SWIFT_VERSION = 4.0;
				TARGETED_DEVICE_FAMILY = 1;
			};
			name = Debug;
		};
		338444F42072B8A300043402 /* Release */ = {
			isa = XCBuildConfiguration;
			baseConfigurationReference = 1DB17C44EF66439FFF821C39 /* Pods-Poputka.release.xcconfig */;
			buildSettings = {
				ASSETCATALOG_COMPILER_APPICON_NAME = AppIcon;
				CODE_SIGN_STYLE = Automatic;
				DEVELOPMENT_TEAM = U5DCDBG2W2;
				INFOPLIST_FILE = Poputka/Info.plist;
				LD_RUNPATH_SEARCH_PATHS = "$(inherited) @executable_path/Frameworks";
				PRODUCT_BUNDLE_IDENTIFIER = com.neobis.poputka;
				PRODUCT_NAME = "$(TARGET_NAME)";
				SWIFT_VERSION = 4.0;
				TARGETED_DEVICE_FAMILY = 1;
			};
			name = Release;
		};
/* End XCBuildConfiguration section */

/* Begin XCConfigurationList section */
		338444DB2072B8A300043402 /* Build configuration list for PBXProject "Poputka" */ = {
			isa = XCConfigurationList;
			buildConfigurations = (
				338444F02072B8A300043402 /* Debug */,
				338444F12072B8A300043402 /* Release */,
			);
			defaultConfigurationIsVisible = 0;
			defaultConfigurationName = Release;
		};
		338444F22072B8A300043402 /* Build configuration list for PBXNativeTarget "Poputka" */ = {
			isa = XCConfigurationList;
			buildConfigurations = (
				338444F32072B8A300043402 /* Debug */,
				338444F42072B8A300043402 /* Release */,
			);
			defaultConfigurationIsVisible = 0;
			defaultConfigurationName = Release;
		};
/* End XCConfigurationList section */
	};
	rootObject = 338444D82072B8A300043402 /* Project object */;
}
